
Microsoft Visual Studio Solution File, Format Version 12.00
# Visual Studio Version 16
VisualStudioVersion = 16.0.810.7
MinimumVisualStudioVersion = 10.0.40219.1
Project("{FAE04EC0-301F-11D3-BF4B-00C04F79EFBC}") = "Greetings_CSharp", "Greetings_CSharp\Greetings_CSharp.csproj", "{E04C72EB-B8DF-41DC-A73B-D7C66534145E}"
EndProject
Project("{FAE04EC0-301F-11D3-BF4B-00C04F79EFBC}") = "Greetings_CSharp.test", "Greetings_CSharp.test\Greetings_CSharp.test.csproj", "{8981121F-E56C-4A82-83F0-FA09EA8BD1F7}"
EndProject
Project("{FAE04EC0-301F-11D3-BF4B-00C04F79EFBC}") = "DatabaseFeatures", "DatabaseFeatures\DatabaseFeatures.csproj", "{719360FC-2347-464C-80AB-5B7ACE1FEBB1}"
EndProject
Global
	GlobalSection(SolutionConfigurationPlatforms) = preSolution
		Debug|Any CPU = Debug|Any CPU
		Release|Any CPU = Release|Any CPU
	EndGlobalSection
	GlobalSection(ProjectConfigurationPlatforms) = postSolution
		{E04C72EB-B8DF-41DC-A73B-D7C66534145E}.Debug|Any CPU.ActiveCfg = Debug|Any CPU
		{E04C72EB-B8DF-41DC-A73B-D7C66534145E}.Debug|Any CPU.Build.0 = Debug|Any CPU
		{E04C72EB-B8DF-41DC-A73B-D7C66534145E}.Release|Any CPU.ActiveCfg = Release|Any CPU
		{E04C72EB-B8DF-41DC-A73B-D7C66534145E}.Release|Any CPU.Build.0 = Release|Any CPU
		{8981121F-E56C-4A82-83F0-FA09EA8BD1F7}.Debug|Any CPU.ActiveCfg = Debug|Any CPU
		{8981121F-E56C-4A82-83F0-FA09EA8BD1F7}.Debug|Any CPU.Build.0 = Debug|Any CPU
		{8981121F-E56C-4A82-83F0-FA09EA8BD1F7}.Release|Any CPU.ActiveCfg = Release|Any CPU
		{8981121F-E56C-4A82-83F0-FA09EA8BD1F7}.Release|Any CPU.Build.0 = Release|Any CPU
		{719360FC-2347-464C-80AB-5B7ACE1FEBB1}.Debug|Any CPU.ActiveCfg = Debug|Any CPU
		{719360FC-2347-464C-80AB-5B7ACE1FEBB1}.Debug|Any CPU.Build.0 = Debug|Any CPU
		{719360FC-2347-464C-80AB-5B7ACE1FEBB1}.Release|Any CPU.ActiveCfg = Release|Any CPU
		{719360FC-2347-464C-80AB-5B7ACE1FEBB1}.Release|Any CPU.Build.0 = Release|Any CPU
	EndGlobalSection
	GlobalSection(SolutionProperties) = preSolution
		HideSolutionNode = FALSE
	EndGlobalSection
	GlobalSection(ExtensibilityGlobals) = postSolution
		SolutionGuid = {32A10114-391A-48CA-AEE4-C0996ABA6182}
	EndGlobalSection
EndGlobal
